
Microsoft Visual Studio Solution File, Format Version 12.00
# Visual Studio Version 16
VisualStudioVersion = 16.0.31229.75
MinimumVisualStudioVersion = 10.0.40219.1
Project("{8BC9CEB8-8B4A-11D0-8D11-00A0C91BC942}") = "lc 1773. CountItemsMatchingaRule", "lc 1773. CountItemsMatchingaRule\lc 1773. CountItemsMatchingaRule.vcxproj", "{3C3D0221-B1DB-4F98-AED3-FBA95EDABD35}"
EndProject
Global
	GlobalSection(SolutionConfigurationPlatforms) = preSolution
		Debug|x64 = Debug|x64
		Debug|x86 = Debug|x86
		Release|x64 = Release|x64
		Release|x86 = Release|x86
	EndGlobalSection
	GlobalSection(ProjectConfigurationPlatforms) = postSolution
		{3C3D0221-B1DB-4F98-AED3-FBA95EDABD35}.Debug|x64.ActiveCfg = Debug|x64
		{3C3D0221-B1DB-4F98-AED3-FBA95EDABD35}.Debug|x64.Build.0 = Debug|x64
		{3C3D0221-B1DB-4F98-AED3-FBA95EDABD35}.Debug|x86.ActiveCfg = Debug|Win32
		{3C3D0221-B1DB-4F98-AED3-FBA95EDABD35}.Debug|x86.Build.0 = Debug|Win32
		{3C3D0221-B1DB-4F98-AED3-FBA95EDABD35}.Release|x64.ActiveCfg = Release|x64
		{3C3D0221-B1DB-4F98-AED3-FBA95EDABD35}.Release|x64.Build.0 = Release|x64
		{3C3D0221-B1DB-4F98-AED3-FBA95EDABD35}.Release|x86.ActiveCfg = Release|Win32
		{3C3D0221-B1DB-4F98-AED3-FBA95EDABD35}.Release|x86.Build.0 = Release|Win32
	EndGlobalSection
	GlobalSection(SolutionProperties) = preSolution
		HideSolutionNode = FALSE
	EndGlobalSection
	GlobalSection(ExtensibilityGlobals) = postSolution
		SolutionGuid = {B3B55EC6-3DBF-4636-84C9-63F43ACB4314}
	EndGlobalSection
EndGlobal
